// !$*UTF8*$!
{
	archiveVersion = 1;
	classes = {
	};
	objectVersion = 46;
	objects = {

/* Begin PBXBuildFile section */
		82AA9B5716B00F9700B95D4E /* UIKit.framework in Frameworks */ = {isa = PBXBuildFile; fileRef = 82AA9B5616B00F9700B95D4E /* UIKit.framework */; };
		82AA9B5916B00F9700B95D4E /* Foundation.framework in Frameworks */ = {isa = PBXBuildFile; fileRef = 82AA9B5816B00F9700B95D4E /* Foundation.framework */; };
		82AA9B5B16B00F9700B95D4E /* CoreGraphics.framework in Frameworks */ = {isa = PBXBuildFile; fileRef = 82AA9B5A16B00F9700B95D4E /* CoreGraphics.framework */; };
		82AA9B6116B00F9700B95D4E /* InfoPlist.strings in Resources */ = {isa = PBXBuildFile; fileRef = 82AA9B5F16B00F9700B95D4E /* InfoPlist.strings */; };
		82AA9B7316B00F9700B95D4E /* ViewController.xib in Resources */ = {isa = PBXBuildFile; fileRef = 82AA9B7116B00F9700B95D4E /* ViewController.xib */; };
		82AA9B8F16B011B800B95D4E /* Default-568h@2x.png in Resources */ = {isa = PBXBuildFile; fileRef = 82AA9B8916B011B800B95D4E /* Default-568h@2x.png */; };
		82AA9B9016B011B800B95D4E /* Default.png in Resources */ = {isa = PBXBuildFile; fileRef = 82AA9B8A16B011B800B95D4E /* Default.png */; };
		82AA9B9116B011B800B95D4E /* Default@2x.png in Resources */ = {isa = PBXBuildFile; fileRef = 82AA9B8B16B011B800B95D4E /* Default@2x.png */; };
		82AA9B9716B011F700B95D4E /* KASlideShow.m in Sources */ = {isa = PBXBuildFile; fileRef = 82AA9B9616B011F700B95D4E /* KASlideShow.m */; };
		82AA9B9816B0120300B95D4E /* main.m in Sources */ = {isa = PBXBuildFile; fileRef = 82AA9B8E16B011B800B95D4E /* main.m */; };
		82AA9B9916B0120C00B95D4E /* AppDelegate.m in Sources */ = {isa = PBXBuildFile; fileRef = 82AA9B8316B011A600B95D4E /* AppDelegate.m */; };
		82AA9B9A16B0120C00B95D4E /* ViewController.m in Sources */ = {isa = PBXBuildFile; fileRef = 82AA9B8516B011A600B95D4E /* ViewController.m */; };
		E9DD6D5586217D16C16549A1 /* libPods-KASlideShow.a in Frameworks */ = {isa = PBXBuildFile; fileRef = B36406355BF3944A56B1A418 /* libPods-KASlideShow.a */; };
		FA543C651D1BDC5B00BDDFDC /* test_1.jpg in Resources */ = {isa = PBXBuildFile; fileRef = FA543C621D1BDC5B00BDDFDC /* test_1.jpg */; };
		FA543C661D1BDC5B00BDDFDC /* test_2.jpg in Resources */ = {isa = PBXBuildFile; fileRef = FA543C631D1BDC5B00BDDFDC /* test_2.jpg */; };
		FA543C671D1BDC5B00BDDFDC /* test_3.jpg in Resources */ = {isa = PBXBuildFile; fileRef = FA543C641D1BDC5B00BDDFDC /* test_3.jpg */; };
/* End PBXBuildFile section */

/* Begin PBXFileReference section */
		2F61F09FD31AE81C5E67E5D4 /* Pods-KASlideShow.release.xcconfig */ = {isa = PBXFileReference; includeInIndex = 1; lastKnownFileType = text.xcconfig; name = "Pods-KASlideShow.release.xcconfig"; path = "Pods/Target Support Files/Pods-KASlideShow/Pods-KASlideShow.release.xcconfig"; sourceTree = "<group>"; };
		82AA9B5216B00F9700B95D4E /* KASlideShow.app */ = {isa = PBXFileReference; explicitFileType = wrapper.application; includeInIndex = 0; path = KASlideShow.app; sourceTree = BUILT_PRODUCTS_DIR; };
		82AA9B5616B00F9700B95D4E /* UIKit.framework */ = {isa = PBXFileReference; lastKnownFileType = wrapper.framework; name = UIKit.framework; path = System/Library/Frameworks/UIKit.framework; sourceTree = SDKROOT; };
		82AA9B5816B00F9700B95D4E /* Foundation.framework */ = {isa = PBXFileReference; lastKnownFileType = wrapper.framework; name = Foundation.framework; path = System/Library/Frameworks/Foundation.framework; sourceTree = SDKROOT; };
		82AA9B5A16B00F9700B95D4E /* CoreGraphics.framework */ = {isa = PBXFileReference; lastKnownFileType = wrapper.framework; name = CoreGraphics.framework; path = System/Library/Frameworks/CoreGraphics.framework; sourceTree = SDKROOT; };
		82AA9B6016B00F9700B95D4E /* en */ = {isa = PBXFileReference; lastKnownFileType = text.plist.strings; name = en; path = en.lproj/InfoPlist.strings; sourceTree = "<group>"; };
		82AA9B7216B00F9700B95D4E /* en */ = {isa = PBXFileReference; lastKnownFileType = file.xib; name = en; path = en.lproj/ViewController.xib; sourceTree = "<group>"; };
		82AA9B8216B011A600B95D4E /* AppDelegate.h */ = {isa = PBXFileReference; fileEncoding = 4; lastKnownFileType = sourcecode.c.h; name = AppDelegate.h; path = KASlideShow/Demo/AppDelegate.h; sourceTree = "<group>"; };
		82AA9B8316B011A600B95D4E /* AppDelegate.m */ = {isa = PBXFileReference; fileEncoding = 4; lastKnownFileType = sourcecode.c.objc; name = AppDelegate.m; path = KASlideShow/Demo/AppDelegate.m; sourceTree = "<group>"; };
		82AA9B8416B011A600B95D4E /* ViewController.h */ = {isa = PBXFileReference; fileEncoding = 4; lastKnownFileType = sourcecode.c.h; name = ViewController.h; path = KASlideShow/Demo/ViewController.h; sourceTree = "<group>"; };
		82AA9B8516B011A600B95D4E /* ViewController.m */ = {isa = PBXFileReference; fileEncoding = 4; lastKnownFileType = sourcecode.c.objc; name = ViewController.m; path = KASlideShow/Demo/ViewController.m; sourceTree = "<group>"; };
		82AA9B8916B011B800B95D4E /* Default-568h@2x.png */ = {isa = PBXFileReference; lastKnownFileType = image.png; name = "Default-568h@2x.png"; path = "Demo/Default-568h@2x.png"; sourceTree = "<group>"; };
		82AA9B8A16B011B800B95D4E /* Default.png */ = {isa = PBXFileReference; lastKnownFileType = image.png; name = Default.png; path = Demo/Default.png; sourceTree = "<group>"; };
		82AA9B8B16B011B800B95D4E /* Default@2x.png */ = {isa = PBXFileReference; lastKnownFileType = image.png; name = "Default@2x.png"; path = "Demo/Default@2x.png"; sourceTree = "<group>"; };
		82AA9B8C16B011B800B95D4E /* KASlideShow-Info.plist */ = {isa = PBXFileReference; fileEncoding = 4; lastKnownFileType = text.plist.xml; name = "KASlideShow-Info.plist"; path = "Demo/KASlideShow-Info.plist"; sourceTree = "<group>"; };
		82AA9B8D16B011B800B95D4E /* KASlideShow-Prefix.pch */ = {isa = PBXFileReference; fileEncoding = 4; lastKnownFileType = sourcecode.c.h; name = "KASlideShow-Prefix.pch"; path = "Demo/KASlideShow-Prefix.pch"; sourceTree = "<group>"; };
		82AA9B8E16B011B800B95D4E /* main.m */ = {isa = PBXFileReference; fileEncoding = 4; lastKnownFileType = sourcecode.c.objc; name = main.m; path = Demo/main.m; sourceTree = "<group>"; };
		82AA9B9516B011F700B95D4E /* KASlideShow.h */ = {isa = PBXFileReference; fileEncoding = 4; lastKnownFileType = sourcecode.c.h; path = KASlideShow.h; sourceTree = "<group>"; };
		82AA9B9616B011F700B95D4E /* KASlideShow.m */ = {isa = PBXFileReference; fileEncoding = 4; lastKnownFileType = sourcecode.c.objc; path = KASlideShow.m; sourceTree = "<group>"; };
		85F9D05305ED0B193E9ED875 /* Pods-KASlideShow.debug.xcconfig */ = {isa = PBXFileReference; includeInIndex = 1; lastKnownFileType = text.xcconfig; name = "Pods-KASlideShow.debug.xcconfig"; path = "Pods/Target Support Files/Pods-KASlideShow/Pods-KASlideShow.debug.xcconfig"; sourceTree = "<group>"; };
		B36406355BF3944A56B1A418 /* libPods-KASlideShow.a */ = {isa = PBXFileReference; explicitFileType = archive.ar; includeInIndex = 0; path = "libPods-KASlideShow.a"; sourceTree = BUILT_PRODUCTS_DIR; };
		FA543C621D1BDC5B00BDDFDC /* test_1.jpg */ = {isa = PBXFileReference; lastKnownFileType = image.jpeg; path = test_1.jpg; sourceTree = "<group>"; };
		FA543C631D1BDC5B00BDDFDC /* test_2.jpg */ = {isa = PBXFileReference; lastKnownFileType = image.jpeg; path = test_2.jpg; sourceTree = "<group>"; };
		FA543C641D1BDC5B00BDDFDC /* test_3.jpg */ = {isa = PBXFileReference; lastKnownFileType = image.jpeg; path = test_3.jpg; sourceTree = "<group>"; };
/* End PBXFileReference section */

/* Begin PBXFrameworksBuildPhase section */
		82AA9B4F16B00F9700B95D4E /* Frameworks */ = {
			isa = PBXFrameworksBuildPhase;
			buildActionMask = 2147483647;
			files = (
				82AA9B5716B00F9700B95D4E /* UIKit.framework in Frameworks */,
				82AA9B5916B00F9700B95D4E /* Foundation.framework in Frameworks */,
				82AA9B5B16B00F9700B95D4E /* CoreGraphics.framework in Frameworks */,
				E9DD6D5586217D16C16549A1 /* libPods-KASlideShow.a in Frameworks */,
			);
			runOnlyForDeploymentPostprocessing = 0;
		};
/* End PBXFrameworksBuildPhase section */

/* Begin PBXGroup section */
		734E803922D428AF0158D299 /* Pods */ = {
			isa = PBXGroup;
			children = (
				85F9D05305ED0B193E9ED875 /* Pods-KASlideShow.debug.xcconfig */,
				2F61F09FD31AE81C5E67E5D4 /* Pods-KASlideShow.release.xcconfig */,
			);
			name = Pods;
			sourceTree = "<group>";
		};
		82AA9B4716B00F9700B95D4E = {
			isa = PBXGroup;
			children = (
				82AA9B5C16B00F9700B95D4E /* KASlideShow */,
				82AA9B9416B011DF00B95D4E /* Demo */,
				82AA9B5516B00F9700B95D4E /* Frameworks */,
				82AA9B5316B00F9700B95D4E /* Products */,
				734E803922D428AF0158D299 /* Pods */,
			);
			sourceTree = "<group>";
		};
		82AA9B5316B00F9700B95D4E /* Products */ = {
			isa = PBXGroup;
			children = (
				82AA9B5216B00F9700B95D4E /* KASlideShow.app */,
			);
			name = Products;
			sourceTree = "<group>";
		};
		82AA9B5516B00F9700B95D4E /* Frameworks */ = {
			isa = PBXGroup;
			children = (
				82AA9B5616B00F9700B95D4E /* UIKit.framework */,
				82AA9B5816B00F9700B95D4E /* Foundation.framework */,
				82AA9B5A16B00F9700B95D4E /* CoreGraphics.framework */,
				B36406355BF3944A56B1A418 /* libPods-KASlideShow.a */,
			);
			name = Frameworks;
			sourceTree = "<group>";
		};
		82AA9B5C16B00F9700B95D4E /* KASlideShow */ = {
			isa = PBXGroup;
			children = (
				82AA9B9516B011F700B95D4E /* KASlideShow.h */,
				82AA9B9616B011F700B95D4E /* KASlideShow.m */,
			);
			path = KASlideShow;
			sourceTree = "<group>";
		};
		82AA9B5D16B00F9700B95D4E /* Supporting Files */ = {
			isa = PBXGroup;
			children = (
				82AA9B8916B011B800B95D4E /* Default-568h@2x.png */,
				82AA9B8A16B011B800B95D4E /* Default.png */,
				82AA9B8B16B011B800B95D4E /* Default@2x.png */,
				82AA9B8C16B011B800B95D4E /* KASlideShow-Info.plist */,
				82AA9B8D16B011B800B95D4E /* KASlideShow-Prefix.pch */,
				82AA9B8E16B011B800B95D4E /* main.m */,
				82AA9B5F16B00F9700B95D4E /* InfoPlist.strings */,
			);
			name = "Supporting Files";
			path = KASlideShow;
			sourceTree = "<group>";
		};
		82AA9B9416B011DF00B95D4E /* Demo */ = {
			isa = PBXGroup;
			children = (
				82AA9B8216B011A600B95D4E /* AppDelegate.h */,
				82AA9B8316B011A600B95D4E /* AppDelegate.m */,
				82AA9BA816B012FB00B95D4E /* Controllers */,
				82AA9B9B16B012A500B95D4E /* Images */,
				82AA9B5D16B00F9700B95D4E /* Supporting Files */,
			);
			name = Demo;
			sourceTree = "<group>";
		};
		82AA9B9B16B012A500B95D4E /* Images */ = {
			isa = PBXGroup;
			children = (
				FA543C621D1BDC5B00BDDFDC /* test_1.jpg */,
				FA543C631D1BDC5B00BDDFDC /* test_2.jpg */,
				FA543C641D1BDC5B00BDDFDC /* test_3.jpg */,
			);
			name = Images;
			sourceTree = "<group>";
		};
		82AA9BA816B012FB00B95D4E /* Controllers */ = {
			isa = PBXGroup;
			children = (
				82AA9B8416B011A600B95D4E /* ViewController.h */,
				82AA9B8516B011A600B95D4E /* ViewController.m */,
				82AA9B7116B00F9700B95D4E /* ViewController.xib */,
			);
			name = Controllers;
			sourceTree = "<group>";
		};
/* End PBXGroup section */

/* Begin PBXNativeTarget section */
		82AA9B5116B00F9700B95D4E /* KASlideShow */ = {
			isa = PBXNativeTarget;
			buildConfigurationList = 82AA9B7616B00F9700B95D4E /* Build configuration list for PBXNativeTarget "KASlideShow" */;
			buildPhases = (
				9DF269D43BB106AE053DBD34 /* 📦 Check Pods Manifest.lock */,
				82AA9B4E16B00F9700B95D4E /* Sources */,
				82AA9B4F16B00F9700B95D4E /* Frameworks */,
				82AA9B5016B00F9700B95D4E /* Resources */,
				4C2DF97E86ABFE040B337857 /* 📦 Embed Pods Frameworks */,
				EB81C4C25E7850849CE119A7 /* 📦 Copy Pods Resources */,
			);
			buildRules = (
			);
			dependencies = (
			);
			name = KASlideShow;
			productName = KASlideShow;
			productReference = 82AA9B5216B00F9700B95D4E /* KASlideShow.app */;
			productType = "com.apple.product-type.application";
		};
/* End PBXNativeTarget section */

/* Begin PBXProject section */
		82AA9B4916B00F9700B95D4E /* Project object */ = {
			isa = PBXProject;
			attributes = {
				LastUpgradeCheck = 0730;
				ORGANIZATIONNAME = "Alexis Creuzot";
			};
			buildConfigurationList = 82AA9B4C16B00F9700B95D4E /* Build configuration list for PBXProject "KASlideShow" */;
			compatibilityVersion = "Xcode 3.2";
			developmentRegion = English;
			hasScannedForEncodings = 0;
			knownRegions = (
				en,
			);
			mainGroup = 82AA9B4716B00F9700B95D4E;
			productRefGroup = 82AA9B5316B00F9700B95D4E /* Products */;
			projectDirPath = "";
			projectRoot = "";
			targets = (
				82AA9B5116B00F9700B95D4E /* KASlideShow */,
			);
		};
/* End PBXProject section */

/* Begin PBXResourcesBuildPhase section */
		82AA9B5016B00F9700B95D4E /* Resources */ = {
			isa = PBXResourcesBuildPhase;
			buildActionMask = 2147483647;
			files = (
				FA543C661D1BDC5B00BDDFDC /* test_2.jpg in Resources */,
				82AA9B6116B00F9700B95D4E /* InfoPlist.strings in Resources */,
				82AA9B7316B00F9700B95D4E /* ViewController.xib in Resources */,
				FA543C671D1BDC5B00BDDFDC /* test_3.jpg in Resources */,
				82AA9B8F16B011B800B95D4E /* Default-568h@2x.png in Resources */,
				82AA9B9016B011B800B95D4E /* Default.png in Resources */,
				82AA9B9116B011B800B95D4E /* Default@2x.png in Resources */,
				FA543C651D1BDC5B00BDDFDC /* test_1.jpg in Resources */,
			);
			runOnlyForDeploymentPostprocessing = 0;
		};
/* End PBXResourcesBuildPhase section */

/* Begin PBXShellScriptBuildPhase section */
		4C2DF97E86ABFE040B337857 /* 📦 Embed Pods Frameworks */ = {
			isa = PBXShellScriptBuildPhase;
			buildActionMask = 2147483647;
			files = (
			);
			inputPaths = (
			);
			name = "📦 Embed Pods Frameworks";
			outputPaths = (
			);
			runOnlyForDeploymentPostprocessing = 0;
			shellPath = /bin/sh;
			shellScript = "\"${SRCROOT}/Pods/Target Support Files/Pods-KASlideShow/Pods-KASlideShow-frameworks.sh\"\n";
			showEnvVarsInLog = 0;
		};
		9DF269D43BB106AE053DBD34 /* 📦 Check Pods Manifest.lock */ = {
			isa = PBXShellScriptBuildPhase;
			buildActionMask = 2147483647;
			files = (
			);
			inputPaths = (
			);
			name = "📦 Check Pods Manifest.lock";
			outputPaths = (
			);
			runOnlyForDeploymentPostprocessing = 0;
			shellPath = /bin/sh;
			shellScript = "diff \"${PODS_ROOT}/../Podfile.lock\" \"${PODS_ROOT}/Manifest.lock\" > /dev/null\nif [[ $? != 0 ]] ; then\n    cat << EOM\nerror: The sandbox is not in sync with the Podfile.lock. Run 'pod install' or update your CocoaPods installation.\nEOM\n    exit 1\nfi\n";
			showEnvVarsInLog = 0;
		};
		EB81C4C25E7850849CE119A7 /* 📦 Copy Pods Resources */ = {
			isa = PBXShellScriptBuildPhase;
			buildActionMask = 2147483647;
			files = (
			);
			inputPaths = (
			);
			name = "📦 Copy Pods Resources";
			outputPaths = (
			);
			runOnlyForDeploymentPostprocessing = 0;
			shellPath = /bin/sh;
			shellScript = "\"${SRCROOT}/Pods/Target Support Files/Pods-KASlideShow/Pods-KASlideShow-resources.sh\"\n";
			showEnvVarsInLog = 0;
		};
/* End PBXShellScriptBuildPhase section */

/* Begin PBXSourcesBuildPhase section */
		82AA9B4E16B00F9700B95D4E /* Sources */ = {
			isa = PBXSourcesBuildPhase;
			buildActionMask = 2147483647;
			files = (
				82AA9B9916B0120C00B95D4E /* AppDelegate.m in Sources */,
				82AA9B9A16B0120C00B95D4E /* ViewController.m in Sources */,
				82AA9B9816B0120300B95D4E /* main.m in Sources */,
				82AA9B9716B011F700B95D4E /* KASlideShow.m in Sources */,
			);
			runOnlyForDeploymentPostprocessing = 0;
		};
/* End PBXSourcesBuildPhase section */

/* Begin PBXVariantGroup section */
		82AA9B5F16B00F9700B95D4E /* InfoPlist.strings */ = {
			isa = PBXVariantGroup;
			children = (
				82AA9B6016B00F9700B95D4E /* en */,
			);
			name = InfoPlist.strings;
			sourceTree = "<group>";
		};
		82AA9B7116B00F9700B95D4E /* ViewController.xib */ = {
			isa = PBXVariantGroup;
			children = (
				82AA9B7216B00F9700B95D4E /* en */,
			);
			name = ViewController.xib;
			path = KASlideShow;
			sourceTree = "<group>";
		};
/* End PBXVariantGroup section */

/* Begin XCBuildConfiguration section */
		82AA9B7416B00F9700B95D4E /* Debug */ = {
			isa = XCBuildConfiguration;
			buildSettings = {
				ALWAYS_SEARCH_USER_PATHS = NO;
				CLANG_CXX_LANGUAGE_STANDARD = "gnu++0x";
				CLANG_CXX_LIBRARY = "libc++";
				CLANG_ENABLE_OBJC_ARC = YES;
				CLANG_WARN_EMPTY_BODY = YES;
				CLANG_WARN__DUPLICATE_METHOD_MATCH = YES;
				"CODE_SIGN_IDENTITY[sdk=iphoneos*]" = "iPhone Developer";
				COPY_PHASE_STRIP = NO;
				ENABLE_TESTABILITY = YES;
				GCC_C_LANGUAGE_STANDARD = gnu99;
				GCC_DYNAMIC_NO_PIC = NO;
				GCC_OPTIMIZATION_LEVEL = 0;
				GCC_PREPROCESSOR_DEFINITIONS = (
					"DEBUG=1",
					"$(inherited)",
				);
				GCC_SYMBOLS_PRIVATE_EXTERN = NO;
				GCC_WARN_ABOUT_RETURN_TYPE = YES;
				GCC_WARN_UNINITIALIZED_AUTOS = YES;
				GCC_WARN_UNUSED_VARIABLE = YES;
				IPHONEOS_DEPLOYMENT_TARGET = 6.0;
				ONLY_ACTIVE_ARCH = YES;
				SDKROOT = iphoneos;
			};
			name = Debug;
		};
		82AA9B7516B00F9700B95D4E /* Release */ = {
			isa = XCBuildConfiguration;
			buildSettings = {
				ALWAYS_SEARCH_USER_PATHS = NO;
				CLANG_CXX_LANGUAGE_STANDARD = "gnu++0x";
				CLANG_CXX_LIBRARY = "libc++";
				CLANG_ENABLE_OBJC_ARC = YES;
				CLANG_WARN_EMPTY_BODY = YES;
				CLANG_WARN__DUPLICATE_METHOD_MATCH = YES;
				"CODE_SIGN_IDENTITY[sdk=iphoneos*]" = "iPhone Developer";
				COPY_PHASE_STRIP = YES;
				GCC_C_LANGUAGE_STANDARD = gnu99;
				GCC_WARN_ABOUT_RETURN_TYPE = YES;
				GCC_WARN_UNINITIALIZED_AUTOS = YES;
				GCC_WARN_UNUSED_VARIABLE = YES;
				IPHONEOS_DEPLOYMENT_TARGET = 6.0;
				OTHER_CFLAGS = "-DNS_BLOCK_ASSERTIONS=1";
				SDKROOT = iphoneos;
				VALIDATE_PRODUCT = YES;
			};
			name = Release;
		};
		82AA9B7716B00F9700B95D4E /* Debug */ = {
			isa = XCBuildConfiguration;
			baseConfigurationReference = 85F9D05305ED0B193E9ED875 /* Pods-KASlideShow.debug.xcconfig */;
			buildSettings = {
				GCC_PRECOMPILE_PREFIX_HEADER = YES;
				GCC_PREFIX_HEADER = "KASlideShow/Demo/KASlideShow-Prefix.pch";
				INFOPLIST_FILE = "KASlideShow/Demo/KASlideShow-Info.plist";
				PRODUCT_BUNDLE_IDENTIFIER = "com.kirualex.${PRODUCT_NAME:rfc1034identifier}";
				PRODUCT_NAME = "$(TARGET_NAME)";
				WRAPPER_EXTENSION = app;
			};
			name = Debug;
		};
		82AA9B7816B00F9700B95D4E /* Release */ = {
			isa = XCBuildConfiguration;
			baseConfigurationReference = 2F61F09FD31AE81C5E67E5D4 /* Pods-KASlideShow.release.xcconfig */;
			buildSettings = {
				GCC_PRECOMPILE_PREFIX_HEADER = YES;
				GCC_PREFIX_HEADER = "KASlideShow/Demo/KASlideShow-Prefix.pch";
				INFOPLIST_FILE = "KASlideShow/Demo/KASlideShow-Info.plist";
				PRODUCT_BUNDLE_IDENTIFIER = "com.kirualex.${PRODUCT_NAME:rfc1034identifier}";
				PRODUCT_NAME = "$(TARGET_NAME)";
				WRAPPER_EXTENSION = app;
			};
			name = Release;
		};
/* End XCBuildConfiguration section */

/* Begin XCConfigurationList section */
		82AA9B4C16B00F9700B95D4E /* Build configuration list for PBXProject "KASlideShow" */ = {
			isa = XCConfigurationList;
			buildConfigurations = (
				82AA9B7416B00F9700B95D4E /* Debug */,
				82AA9B7516B00F9700B95D4E /* Release */,
			);
			defaultConfigurationIsVisible = 0;
			defaultConfigurationName = Release;
		};
		82AA9B7616B00F9700B95D4E /* Build configuration list for PBXNativeTarget "KASlideShow" */ = {
			isa = XCConfigurationList;
			buildConfigurations = (
				82AA9B7716B00F9700B95D4E /* Debug */,
				82AA9B7816B00F9700B95D4E /* Release */,
			);
			defaultConfigurationIsVisible = 0;
			defaultConfigurationName = Release;
		};
/* End XCConfigurationList section */
	};
	rootObject = 82AA9B4916B00F9700B95D4E /* Project object */;
}
